
Microsoft Visual Studio Solution File, Format Version 12.00
# Visual Studio Version 17
VisualStudioVersion = 17.0.31903.59
MinimumVisualStudioVersion = 10.0.40219.1
Project("{9A19103F-16F7-4668-BE54-9A1E7A4F7556}") = "Bsdflow.UserValidator", "Bsdflow.UserValidator\Bsdflow.UserValidator.csproj", "{EA1A2246-225A-457D-BB1D-2A8F7E74F128}"
EndProject
Project("{9A19103F-16F7-4668-BE54-9A1E7A4F7556}") = "Bsdflow.UserValidator.Tests", "tests\Bsdflow.UserValidator.Tests\Bsdflow.UserValidator.Tests.csproj", "{4C78D60D-DD6A-4B48-A145-088C2C7F0933}"
EndProject
Global
	GlobalSection(SolutionConfigurationPlatforms) = preSolution
		Debug|Any CPU = Debug|Any CPU
		Debug|x64 = Debug|x64
		Debug|x86 = Debug|x86
		Release|Any CPU = Release|Any CPU
		Release|x64 = Release|x64
		Release|x86 = Release|x86
	EndGlobalSection
	GlobalSection(ProjectConfigurationPlatforms) = postSolution
		{EA1A2246-225A-457D-BB1D-2A8F7E74F128}.Debug|Any CPU.ActiveCfg = Debug|Any CPU
		{EA1A2246-225A-457D-BB1D-2A8F7E74F128}.Debug|Any CPU.Build.0 = Debug|Any CPU
		{EA1A2246-225A-457D-BB1D-2A8F7E74F128}.Debug|x64.ActiveCfg = Debug|Any CPU
		{EA1A2246-225A-457D-BB1D-2A8F7E74F128}.Debug|x64.Build.0 = Debug|Any CPU
		{EA1A2246-225A-457D-BB1D-2A8F7E74F128}.Debug|x86.ActiveCfg = Debug|Any CPU
		{EA1A2246-225A-457D-BB1D-2A8F7E74F128}.Debug|x86.Build.0 = Debug|Any CPU
		{EA1A2246-225A-457D-BB1D-2A8F7E74F128}.Release|Any CPU.ActiveCfg = Release|Any CPU
		{EA1A2246-225A-457D-BB1D-2A8F7E74F128}.Release|Any CPU.Build.0 = Release|Any CPU
		{EA1A2246-225A-457D-BB1D-2A8F7E74F128}.Release|x64.ActiveCfg = Release|Any CPU
		{EA1A2246-225A-457D-BB1D-2A8F7E74F128}.Release|x64.Build.0 = Release|Any CPU
		{EA1A2246-225A-457D-BB1D-2A8F7E74F128}.Release|x86.ActiveCfg = Release|Any CPU
		{EA1A2246-225A-457D-BB1D-2A8F7E74F128}.Release|x86.Build.0 = Release|Any CPU
		{4C78D60D-DD6A-4B48-A145-088C2C7F0933}.Debug|Any CPU.ActiveCfg = Debug|Any CPU
		{4C78D60D-DD6A-4B48-A145-088C2C7F0933}.Debug|Any CPU.Build.0 = Debug|Any CPU
		{4C78D60D-DD6A-4B48-A145-088C2C7F0933}.Debug|x64.ActiveCfg = Debug|Any CPU
		{4C78D60D-DD6A-4B48-A145-088C2C7F0933}.Debug|x64.Build.0 = Debug|Any CPU
		{4C78D60D-DD6A-4B48-A145-088C2C7F0933}.Debug|x86.ActiveCfg = Debug|Any CPU
		{4C78D60D-DD6A-4B48-A145-088C2C7F0933}.Debug|x86.Build.0 = Debug|Any CPU
		{4C78D60D-DD6A-4B48-A145-088C2C7F0933}.Release|Any CPU.ActiveCfg = Release|Any CPU
		{4C78D60D-DD6A-4B48-A145-088C2C7F0933}.Release|Any CPU.Build.0 = Release|Any CPU
		{4C78D60D-DD6A-4B48-A145-088C2C7F0933}.Release|x64.ActiveCfg = Release|Any CPU
		{4C78D60D-DD6A-4B48-A145-088C2C7F0933}.Release|x64.Build.0 = Release|Any CPU
		{4C78D60D-DD6A-4B48-A145-088C2C7F0933}.Release|x86.ActiveCfg = Release|Any CPU
		{4C78D60D-DD6A-4B48-A145-088C2C7F0933}.Release|x86.Build.0 = Release|Any CPU
	EndGlobalSection
	GlobalSection(SolutionProperties) = preSolution
		HideSolutionNode = FALSE
	EndGlobalSection
	GlobalSection(ExtensibilityGlobals) = postSolution
		SolutionGuid = {C9E09BC9-7790-480F-99CA-CBB81AEABB0E}
	EndGlobalSection
EndGlobal
